
Microsoft Visual Studio Solution File, Format Version 12.00
# Visual Studio 15
VisualStudioVersion = 15.0.27428.2002
MinimumVisualStudioVersion = 10.0.40219.1
Project("{FAE04EC0-301F-11D3-BF4B-00C04F79EFBC}") = "UBSTwincatComModule", "UBSTwincatComModule\UBSTwincatComModule.csproj", "{FBA3D085-50D2-49BD-A88D-3D8677D5949C}"
EndProject
Global
	GlobalSection(SolutionConfigurationPlatforms) = preSolution
		Debug|Any CPU = Debug|Any CPU
		Release|Any CPU = Release|Any CPU
	EndGlobalSection
	GlobalSection(ProjectConfigurationPlatforms) = postSolution
		{FBA3D085-50D2-49BD-A88D-3D8677D5949C}.Debug|Any CPU.ActiveCfg = Debug|Any CPU
		{FBA3D085-50D2-49BD-A88D-3D8677D5949C}.Debug|Any CPU.Build.0 = Debug|Any CPU
		{FBA3D085-50D2-49BD-A88D-3D8677D5949C}.Release|Any CPU.ActiveCfg = Release|Any CPU
		{FBA3D085-50D2-49BD-A88D-3D8677D5949C}.Release|Any CPU.Build.0 = Release|Any CPU
	EndGlobalSection
	GlobalSection(SolutionProperties) = preSolution
		HideSolutionNode = FALSE
	EndGlobalSection
	GlobalSection(ExtensibilityGlobals) = postSolution
		SolutionGuid = {F012E322-D85B-40C8-A183-2A58E978C981}
	EndGlobalSection
EndGlobal
